
Microsoft Visual Studio Solution File, Format Version 12.00
# Visual Studio Version 16
VisualStudioVersion = 16.0.29025.244
MinimumVisualStudioVersion = 10.0.40219.1
Project("{9A19103F-16F7-4668-BE54-9A1E7A4F7556}") = "AzureDevOpsWikiToPdf.Formatter", "AzureDevOpsWikiToPdf.Formatter\AzureDevOpsWikiToPdf.Formatter.csproj", "{40AEBD4A-2CAA-4F55-9C08-92A3592844D1}"
EndProject
Project("{9A19103F-16F7-4668-BE54-9A1E7A4F7556}") = "AzureDevOpsWikiToPdf.Formatter.Test", "AzureDevOpsWikiToPdf.Formatter.Test\AzureDevOpsWikiToPdf.Formatter.Test.csproj", "{8DA3F582-B8A3-4F4C-8628-91BD5E57EE9F}"
EndProject
Global
	GlobalSection(SolutionConfigurationPlatforms) = preSolution
		Debug|Any CPU = Debug|Any CPU
		Release|Any CPU = Release|Any CPU
	EndGlobalSection
	GlobalSection(ProjectConfigurationPlatforms) = postSolution
		{40AEBD4A-2CAA-4F55-9C08-92A3592844D1}.Debug|Any CPU.ActiveCfg = Debug|Any CPU
		{40AEBD4A-2CAA-4F55-9C08-92A3592844D1}.Debug|Any CPU.Build.0 = Debug|Any CPU
		{40AEBD4A-2CAA-4F55-9C08-92A3592844D1}.Release|Any CPU.ActiveCfg = Release|Any CPU
		{40AEBD4A-2CAA-4F55-9C08-92A3592844D1}.Release|Any CPU.Build.0 = Release|Any CPU
		{8DA3F582-B8A3-4F4C-8628-91BD5E57EE9F}.Debug|Any CPU.ActiveCfg = Debug|Any CPU
		{8DA3F582-B8A3-4F4C-8628-91BD5E57EE9F}.Debug|Any CPU.Build.0 = Debug|Any CPU
		{8DA3F582-B8A3-4F4C-8628-91BD5E57EE9F}.Release|Any CPU.ActiveCfg = Release|Any CPU
		{8DA3F582-B8A3-4F4C-8628-91BD5E57EE9F}.Release|Any CPU.Build.0 = Release|Any CPU
	EndGlobalSection
	GlobalSection(SolutionProperties) = preSolution
		HideSolutionNode = FALSE
	EndGlobalSection
	GlobalSection(ExtensibilityGlobals) = postSolution
		SolutionGuid = {42ED6A6E-14D1-48D8-998D-4B650559BA11}
	EndGlobalSection
EndGlobal
